
Microsoft Visual Studio Solution File, Format Version 12.00
# Visual Studio Version 16
VisualStudioVersion = 16.0.31515.178
MinimumVisualStudioVersion = 10.0.40219.1
Project("{FAE04EC0-301F-11D3-BF4B-00C04F79EFBC}") = "01_Cafe_App", "01_Cafe_App\01_Cafe_App.csproj", "{2A7858D9-1E60-4DE7-B9AD-27822CAB560B}"
EndProject
Project("{FAE04EC0-301F-11D3-BF4B-00C04F79EFBC}") = "01_Cafe_ClassLibrary", "01_Cafe_ClassLibrary\01_Cafe_ClassLibrary.csproj", "{0E6D6BC3-3706-4E31-9C3E-443CBE8D802E}"
EndProject
Project("{FAE04EC0-301F-11D3-BF4B-00C04F79EFBC}") = "01_Cafe_UnitTests", "01_Cafe_UnitTests\01_Cafe_UnitTests.csproj", "{3E9EC91F-A0CF-4B9A-97A8-101ADCF546C2}"
EndProject
Project("{FAE04EC0-301F-11D3-BF4B-00C04F79EFBC}") = "02_Claim_App", "02_Claims_App\02_Claim_App.csproj", "{871B8AAA-24AF-462A-BD79-D534607FE708}"
EndProject
Project("{FAE04EC0-301F-11D3-BF4B-00C04F79EFBC}") = "02_Claims_ClassLibrary1", "02_Claims_ClassLibrary1\02_Claims_ClassLibrary1.csproj", "{54B92304-2D73-414A-83D2-C4374CEA81F3}"
EndProject
Project("{FAE04EC0-301F-11D3-BF4B-00C04F79EFBC}") = "02_Claims_UnitTests", "02_Claims_UnitTests\02_Claims_UnitTests.csproj", "{B11BC153-461C-4009-9546-0D66EB21E9B0}"
EndProject
Project("{FAE04EC0-301F-11D3-BF4B-00C04F79EFBC}") = "03_Badges_App", "03_Badges_App\03_Badges_App.csproj", "{9211C9C3-F9EE-4011-9F90-825CFAE5F64A}"
EndProject
Project("{FAE04EC0-301F-11D3-BF4B-00C04F79EFBC}") = "03_Badges_ClassLibrary", "03_Badges_ClassLibrary\03_Badges_ClassLibrary.csproj", "{D4734B97-80D9-423A-941E-FF9A65D1A41C}"
EndProject
Project("{FAE04EC0-301F-11D3-BF4B-00C04F79EFBC}") = "03_Badges_Tests", "03_Badges_Tests\03_Badges_Tests.csproj", "{19F185C1-6DF9-4ACD-8F76-05415F88B513}"
EndProject
Global
	GlobalSection(SolutionConfigurationPlatforms) = preSolution
		Debug|Any CPU = Debug|Any CPU
		Release|Any CPU = Release|Any CPU
	EndGlobalSection
	GlobalSection(ProjectConfigurationPlatforms) = postSolution
		{2A7858D9-1E60-4DE7-B9AD-27822CAB560B}.Debug|Any CPU.ActiveCfg = Debug|Any CPU
		{2A7858D9-1E60-4DE7-B9AD-27822CAB560B}.Debug|Any CPU.Build.0 = Debug|Any CPU
		{2A7858D9-1E60-4DE7-B9AD-27822CAB560B}.Release|Any CPU.ActiveCfg = Release|Any CPU
		{2A7858D9-1E60-4DE7-B9AD-27822CAB560B}.Release|Any CPU.Build.0 = Release|Any CPU
		{0E6D6BC3-3706-4E31-9C3E-443CBE8D802E}.Debug|Any CPU.ActiveCfg = Debug|Any CPU
		{0E6D6BC3-3706-4E31-9C3E-443CBE8D802E}.Debug|Any CPU.Build.0 = Debug|Any CPU
		{0E6D6BC3-3706-4E31-9C3E-443CBE8D802E}.Release|Any CPU.ActiveCfg = Release|Any CPU
		{0E6D6BC3-3706-4E31-9C3E-443CBE8D802E}.Release|Any CPU.Build.0 = Release|Any CPU
		{3E9EC91F-A0CF-4B9A-97A8-101ADCF546C2}.Debug|Any CPU.ActiveCfg = Debug|Any CPU
		{3E9EC91F-A0CF-4B9A-97A8-101ADCF546C2}.Debug|Any CPU.Build.0 = Debug|Any CPU
		{3E9EC91F-A0CF-4B9A-97A8-101ADCF546C2}.Release|Any CPU.ActiveCfg = Release|Any CPU
		{3E9EC91F-A0CF-4B9A-97A8-101ADCF546C2}.Release|Any CPU.Build.0 = Release|Any CPU
		{871B8AAA-24AF-462A-BD79-D534607FE708}.Debug|Any CPU.ActiveCfg = Debug|Any CPU
		{871B8AAA-24AF-462A-BD79-D534607FE708}.Debug|Any CPU.Build.0 = Debug|Any CPU
		{871B8AAA-24AF-462A-BD79-D534607FE708}.Release|Any CPU.ActiveCfg = Release|Any CPU
		{871B8AAA-24AF-462A-BD79-D534607FE708}.Release|Any CPU.Build.0 = Release|Any CPU
		{54B92304-2D73-414A-83D2-C4374CEA81F3}.Debug|Any CPU.ActiveCfg = Debug|Any CPU
		{54B92304-2D73-414A-83D2-C4374CEA81F3}.Debug|Any CPU.Build.0 = Debug|Any CPU
		{54B92304-2D73-414A-83D2-C4374CEA81F3}.Release|Any CPU.ActiveCfg = Release|Any CPU
		{54B92304-2D73-414A-83D2-C4374CEA81F3}.Release|Any CPU.Build.0 = Release|Any CPU
		{B11BC153-461C-4009-9546-0D66EB21E9B0}.Debug|Any CPU.ActiveCfg = Debug|Any CPU
		{B11BC153-461C-4009-9546-0D66EB21E9B0}.Debug|Any CPU.Build.0 = Debug|Any CPU
		{B11BC153-461C-4009-9546-0D66EB21E9B0}.Release|Any CPU.ActiveCfg = Release|Any CPU
		{B11BC153-461C-4009-9546-0D66EB21E9B0}.Release|Any CPU.Build.0 = Release|Any CPU
		{9211C9C3-F9EE-4011-9F90-825CFAE5F64A}.Debug|Any CPU.ActiveCfg = Debug|Any CPU
		{9211C9C3-F9EE-4011-9F90-825CFAE5F64A}.Debug|Any CPU.Build.0 = Debug|Any CPU
		{9211C9C3-F9EE-4011-9F90-825CFAE5F64A}.Release|Any CPU.ActiveCfg = Release|Any CPU
		{9211C9C3-F9EE-4011-9F90-825CFAE5F64A}.Release|Any CPU.Build.0 = Release|Any CPU
		{D4734B97-80D9-423A-941E-FF9A65D1A41C}.Debug|Any CPU.ActiveCfg = Debug|Any CPU
		{D4734B97-80D9-423A-941E-FF9A65D1A41C}.Debug|Any CPU.Build.0 = Debug|Any CPU
		{D4734B97-80D9-423A-941E-FF9A65D1A41C}.Release|Any CPU.ActiveCfg = Release|Any CPU
		{D4734B97-80D9-423A-941E-FF9A65D1A41C}.Release|Any CPU.Build.0 = Release|Any CPU
		{19F185C1-6DF9-4ACD-8F76-05415F88B513}.Debug|Any CPU.ActiveCfg = Debug|Any CPU
		{19F185C1-6DF9-4ACD-8F76-05415F88B513}.Debug|Any CPU.Build.0 = Debug|Any CPU
		{19F185C1-6DF9-4ACD-8F76-05415F88B513}.Release|Any CPU.ActiveCfg = Release|Any CPU
		{19F185C1-6DF9-4ACD-8F76-05415F88B513}.Release|Any CPU.Build.0 = Release|Any CPU
	EndGlobalSection
	GlobalSection(SolutionProperties) = preSolution
		HideSolutionNode = FALSE
	EndGlobalSection
	GlobalSection(ExtensibilityGlobals) = postSolution
		SolutionGuid = {04DF44BE-A1A5-48DC-BF89-8A4B8F253010}
	EndGlobalSection
EndGlobal
